
Microsoft Visual Studio Solution File, Format Version 12.00
# Visual Studio Version 17
VisualStudioVersion = 17.1.32421.90
MinimumVisualStudioVersion = 10.0.40219.1
Project("{FAE04EC0-301F-11D3-BF4B-00C04F79EFBC}") = "SQLiteSample", "SQLiteSample\SQLiteSample.csproj", "{CFE9E2E7-B9D9-4C85-837E-A656319B3BE7}"
EndProject
Global
	GlobalSection(SolutionConfigurationPlatforms) = preSolution
		Debug|Any CPU = Debug|Any CPU
		Release|Any CPU = Release|Any CPU
	EndGlobalSection
	GlobalSection(ProjectConfigurationPlatforms) = postSolution
		{CFE9E2E7-B9D9-4C85-837E-A656319B3BE7}.Debug|Any CPU.ActiveCfg = Debug|Any CPU
		{CFE9E2E7-B9D9-4C85-837E-A656319B3BE7}.Debug|Any CPU.Build.0 = Debug|Any CPU
		{CFE9E2E7-B9D9-4C85-837E-A656319B3BE7}.Release|Any CPU.ActiveCfg = Release|Any CPU
		{CFE9E2E7-B9D9-4C85-837E-A656319B3BE7}.Release|Any CPU.Build.0 = Release|Any CPU
	EndGlobalSection
	GlobalSection(SolutionProperties) = preSolution
		HideSolutionNode = FALSE
	EndGlobalSection
	GlobalSection(ExtensibilityGlobals) = postSolution
		SolutionGuid = {EC3C6A17-CE32-4DC2-AD07-0544D4C1B432}
	EndGlobalSection
EndGlobal
